
Microsoft Visual Studio Solution File, Format Version 12.00
# Visual Studio Version 17
VisualStudioVersion = 17.5.33627.172
MinimumVisualStudioVersion = 10.0.40219.1
Project("{9A19103F-16F7-4668-BE54-9A1E7A4F7556}") = "WebApplication5", "WebApplication5.csproj", "{2C1CBD01-F640-4561-ACE3-073B4D5E8C80}"
EndProject
Global
	GlobalSection(SolutionConfigurationPlatforms) = preSolution
		Debug|Any CPU = Debug|Any CPU
		Release|Any CPU = Release|Any CPU
	EndGlobalSection
	GlobalSection(ProjectConfigurationPlatforms) = postSolution
		{2C1CBD01-F640-4561-ACE3-073B4D5E8C80}.Debug|Any CPU.ActiveCfg = Debug|Any CPU
		{2C1CBD01-F640-4561-ACE3-073B4D5E8C80}.Debug|Any CPU.Build.0 = Debug|Any CPU
		{2C1CBD01-F640-4561-ACE3-073B4D5E8C80}.Release|Any CPU.ActiveCfg = Release|Any CPU
		{2C1CBD01-F640-4561-ACE3-073B4D5E8C80}.Release|Any CPU.Build.0 = Release|Any CPU
	EndGlobalSection
	GlobalSection(SolutionProperties) = preSolution
		HideSolutionNode = FALSE
	EndGlobalSection
	GlobalSection(ExtensibilityGlobals) = postSolution
		SolutionGuid = {ED221F4D-CAAA-413E-B2F0-6E1A6BC5575A}
	EndGlobalSection
EndGlobal
